
Microsoft Visual Studio Solution File, Format Version 12.00
# Visual Studio Version 17
VisualStudioVersion = 17.4.33213.308
MinimumVisualStudioVersion = 10.0.40219.1
Project("{F184B08F-C81C-45F6-A57F-5ABD9991F28F}") = "LIBRARY", "LIBRARY\LIBRARY.vbproj", "{4B528FE6-4CC8-4BBC-9764-0A036F332AC5}"
EndProject
Project("{2150E333-8FDC-42A3-9474-1A3956D46DE8}") = "Solution Items", "Solution Items", "{E2353B29-96E7-45DA-A270-E03278D9DCE9}"
	ProjectSection(SolutionItems) = preProject
		.editorconfig = .editorconfig
	EndProjectSection
EndProject
Global
	GlobalSection(SolutionConfigurationPlatforms) = preSolution
		Debug|x86 = Debug|x86
		Release|x86 = Release|x86
	EndGlobalSection
	GlobalSection(ProjectConfigurationPlatforms) = postSolution
		{4B528FE6-4CC8-4BBC-9764-0A036F332AC5}.Debug|x86.ActiveCfg = Debug|x86
		{4B528FE6-4CC8-4BBC-9764-0A036F332AC5}.Debug|x86.Build.0 = Debug|x86
		{4B528FE6-4CC8-4BBC-9764-0A036F332AC5}.Release|x86.ActiveCfg = Release|x86
		{4B528FE6-4CC8-4BBC-9764-0A036F332AC5}.Release|x86.Build.0 = Release|x86
	EndGlobalSection
	GlobalSection(SolutionProperties) = preSolution
		HideSolutionNode = FALSE
	EndGlobalSection
	GlobalSection(ExtensibilityGlobals) = postSolution
		SolutionGuid = {088EEBCA-7D9B-4C5B-9F49-85FB81C4325F}
	EndGlobalSection
EndGlobal
